
Microsoft Visual Studio Solution File, Format Version 12.00
# Visual Studio Version 17
VisualStudioVersion = 17.4.33213.308
MinimumVisualStudioVersion = 10.0.40219.1
Project("{9A19103F-16F7-4668-BE54-9A1E7A4F7556}") = "WSAlumnos", "WSAlumno\WSAlumnos.csproj", "{3215751B-6F74-4636-81C3-DC8A0C1458C6}"
EndProject
Project("{9A19103F-16F7-4668-BE54-9A1E7A4F7556}") = "WebApiLibros", "WebApiLibros\WebApiLibros.csproj", "{7AF63D7D-31CA-4EA6-B94E-8A1D198770E3}"
EndProject
Project("{9A19103F-16F7-4668-BE54-9A1E7A4F7556}") = "WebApiNorthWind", "WebApiNorthWind\WebApiNorthWind.csproj", "{D524EC20-D351-4AF6-A5D5-2925B7BF883B}"
EndProject
Project("{9A19103F-16F7-4668-BE54-9A1E7A4F7556}") = "WebApiPubs", "WebApiPubs\WebApiPubs.csproj", "{93A16DA2-5634-433D-916C-CD6D329D6D53}"
EndProject
Global
	GlobalSection(SolutionConfigurationPlatforms) = preSolution
		Debug|Any CPU = Debug|Any CPU
		Release|Any CPU = Release|Any CPU
	EndGlobalSection
	GlobalSection(ProjectConfigurationPlatforms) = postSolution
		{3215751B-6F74-4636-81C3-DC8A0C1458C6}.Debug|Any CPU.ActiveCfg = Debug|Any CPU
		{3215751B-6F74-4636-81C3-DC8A0C1458C6}.Debug|Any CPU.Build.0 = Debug|Any CPU
		{3215751B-6F74-4636-81C3-DC8A0C1458C6}.Release|Any CPU.ActiveCfg = Release|Any CPU
		{3215751B-6F74-4636-81C3-DC8A0C1458C6}.Release|Any CPU.Build.0 = Release|Any CPU
		{7AF63D7D-31CA-4EA6-B94E-8A1D198770E3}.Debug|Any CPU.ActiveCfg = Debug|Any CPU
		{7AF63D7D-31CA-4EA6-B94E-8A1D198770E3}.Debug|Any CPU.Build.0 = Debug|Any CPU
		{7AF63D7D-31CA-4EA6-B94E-8A1D198770E3}.Release|Any CPU.ActiveCfg = Release|Any CPU
		{7AF63D7D-31CA-4EA6-B94E-8A1D198770E3}.Release|Any CPU.Build.0 = Release|Any CPU
		{D524EC20-D351-4AF6-A5D5-2925B7BF883B}.Debug|Any CPU.ActiveCfg = Debug|Any CPU
		{D524EC20-D351-4AF6-A5D5-2925B7BF883B}.Debug|Any CPU.Build.0 = Debug|Any CPU
		{D524EC20-D351-4AF6-A5D5-2925B7BF883B}.Release|Any CPU.ActiveCfg = Release|Any CPU
		{D524EC20-D351-4AF6-A5D5-2925B7BF883B}.Release|Any CPU.Build.0 = Release|Any CPU
		{93A16DA2-5634-433D-916C-CD6D329D6D53}.Debug|Any CPU.ActiveCfg = Debug|Any CPU
		{93A16DA2-5634-433D-916C-CD6D329D6D53}.Debug|Any CPU.Build.0 = Debug|Any CPU
		{93A16DA2-5634-433D-916C-CD6D329D6D53}.Release|Any CPU.ActiveCfg = Release|Any CPU
		{93A16DA2-5634-433D-916C-CD6D329D6D53}.Release|Any CPU.Build.0 = Release|Any CPU
	EndGlobalSection
	GlobalSection(SolutionProperties) = preSolution
		HideSolutionNode = FALSE
	EndGlobalSection
	GlobalSection(ExtensibilityGlobals) = postSolution
		SolutionGuid = {EA8B09C1-477D-43F9-9C66-B87E7600FBA3}
	EndGlobalSection
EndGlobal
